
Microsoft Visual Studio Solution File, Format Version 12.00
# Visual Studio 15
VisualStudioVersion = 15.0.26430.15
MinimumVisualStudioVersion = 10.0.40219.1
Project("{FAE04EC0-301F-11D3-BF4B-00C04F79EFBC}") = "NUnit.StaticExpect", "NUnit.StaticExpect\NUnit.StaticExpect.csproj", "{04166088-E42D-49D2-8C86-11B3B7013F2E}"
EndProject
Project("{FAE04EC0-301F-11D3-BF4B-00C04F79EFBC}") = "NUnit.StaticExpect.Tests", "NUnit.StaticExpect.Tests\NUnit.StaticExpect.Tests.csproj", "{24832594-F68B-4FC7-A48F-AF9C748AD798}"
EndProject
Project("{FAE04EC0-301F-11D3-BF4B-00C04F79EFBC}") = "NUnit.StaticExpect.TestPackage", "NUnit.StaticExpect.TestPackage\NUnit.StaticExpect.TestPackage.csproj", "{F2BBFF15-2D3B-4CDC-8634-0B91FFB527B8}"
EndProject
Project("{FAE04EC0-301F-11D3-BF4B-00C04F79EFBC}") = "NUnit.StaticExpect.NetStd", "NUnit.StaticExpect.NetStd\NUnit.StaticExpect.NetStd.csproj", "{0882B8DB-3345-45A3-9939-44C6A9861657}"
EndProject
Global
	GlobalSection(SolutionConfigurationPlatforms) = preSolution
		Debug|Any CPU = Debug|Any CPU
		Release|Any CPU = Release|Any CPU
	EndGlobalSection
	GlobalSection(ProjectConfigurationPlatforms) = postSolution
		{04166088-E42D-49D2-8C86-11B3B7013F2E}.Debug|Any CPU.ActiveCfg = Debug|Any CPU
		{04166088-E42D-49D2-8C86-11B3B7013F2E}.Debug|Any CPU.Build.0 = Debug|Any CPU
		{04166088-E42D-49D2-8C86-11B3B7013F2E}.Release|Any CPU.ActiveCfg = Release|Any CPU
		{04166088-E42D-49D2-8C86-11B3B7013F2E}.Release|Any CPU.Build.0 = Release|Any CPU
		{24832594-F68B-4FC7-A48F-AF9C748AD798}.Debug|Any CPU.ActiveCfg = Debug|Any CPU
		{24832594-F68B-4FC7-A48F-AF9C748AD798}.Debug|Any CPU.Build.0 = Debug|Any CPU
		{24832594-F68B-4FC7-A48F-AF9C748AD798}.Release|Any CPU.ActiveCfg = Release|Any CPU
		{24832594-F68B-4FC7-A48F-AF9C748AD798}.Release|Any CPU.Build.0 = Release|Any CPU
		{F2BBFF15-2D3B-4CDC-8634-0B91FFB527B8}.Debug|Any CPU.ActiveCfg = Debug|Any CPU
		{F2BBFF15-2D3B-4CDC-8634-0B91FFB527B8}.Debug|Any CPU.Build.0 = Debug|Any CPU
		{F2BBFF15-2D3B-4CDC-8634-0B91FFB527B8}.Release|Any CPU.ActiveCfg = Release|Any CPU
		{F2BBFF15-2D3B-4CDC-8634-0B91FFB527B8}.Release|Any CPU.Build.0 = Release|Any CPU
		{0882B8DB-3345-45A3-9939-44C6A9861657}.Debug|Any CPU.ActiveCfg = Debug|Any CPU
		{0882B8DB-3345-45A3-9939-44C6A9861657}.Debug|Any CPU.Build.0 = Debug|Any CPU
		{0882B8DB-3345-45A3-9939-44C6A9861657}.Release|Any CPU.ActiveCfg = Release|Any CPU
		{0882B8DB-3345-45A3-9939-44C6A9861657}.Release|Any CPU.Build.0 = Release|Any CPU
	EndGlobalSection
	GlobalSection(SolutionProperties) = preSolution
		HideSolutionNode = FALSE
	EndGlobalSection
EndGlobal
